// !$*UTF8*$!
{
	archiveVersion = 1;
	classes = {
	};
	objectVersion = 55;
	objects = {

/* Begin PBXBuildFile section */
		2F237A847F6AE7AE5B95A4BC /* Pods_Test_4KSoft.framework in Frameworks */ = {isa = PBXBuildFile; fileRef = 5808EC3B2199CC505CCD99E9 /* Pods_Test_4KSoft.framework */; };
		E3C46A37296D5F0D00825C07 /* AppDelegate.swift in Sources */ = {isa = PBXBuildFile; fileRef = E3C46A36296D5F0D00825C07 /* AppDelegate.swift */; };
		E3C46A39296D5F0D00825C07 /* SceneDelegate.swift in Sources */ = {isa = PBXBuildFile; fileRef = E3C46A38296D5F0D00825C07 /* SceneDelegate.swift */; };
		E3C46A40296D5F0F00825C07 /* Assets.xcassets in Resources */ = {isa = PBXBuildFile; fileRef = E3C46A3F296D5F0F00825C07 /* Assets.xcassets */; };
		E3C46A43296D5F0F00825C07 /* LaunchScreen.storyboard in Resources */ = {isa = PBXBuildFile; fileRef = E3C46A41296D5F0F00825C07 /* LaunchScreen.storyboard */; };
		E3C46A4B296D603800825C07 /* MainViewController.swift in Sources */ = {isa = PBXBuildFile; fileRef = E3C46A4A296D603800825C07 /* MainViewController.swift */; };
		E3C46A51296D68F000825C07 /* Doors.swift in Sources */ = {isa = PBXBuildFile; fileRef = E3C46A50296D68F000825C07 /* Doors.swift */; };
		E3C46A54296D691500825C07 /* Networking.swift in Sources */ = {isa = PBXBuildFile; fileRef = E3C46A53296D691500825C07 /* Networking.swift */; };
		E3C46A75296D6E0C00825C07 /* DoorTableViewCell.swift in Sources */ = {isa = PBXBuildFile; fileRef = E3C46A74296D6E0C00825C07 /* DoorTableViewCell.swift */; };
		E3C46A79296D7EE800825C07 /* TableHeaderView.swift in Sources */ = {isa = PBXBuildFile; fileRef = E3C46A78296D7EE800825C07 /* TableHeaderView.swift */; };
		E3C46A7B296ED5A800825C07 /* Doors.json in Resources */ = {isa = PBXBuildFile; fileRef = E3C46A7A296ED5A800825C07 /* Doors.json */; };
/* End PBXBuildFile section */

/* Begin PBXFileReference section */
		5808EC3B2199CC505CCD99E9 /* Pods_Test_4KSoft.framework */ = {isa = PBXFileReference; explicitFileType = wrapper.framework; includeInIndex = 0; path = Pods_Test_4KSoft.framework; sourceTree = BUILT_PRODUCTS_DIR; };
		6ABE19319C08849FCEC38054 /* Pods-Test_4KSoft.release.xcconfig */ = {isa = PBXFileReference; includeInIndex = 1; lastKnownFileType = text.xcconfig; name = "Pods-Test_4KSoft.release.xcconfig"; path = "Target Support Files/Pods-Test_4KSoft/Pods-Test_4KSoft.release.xcconfig"; sourceTree = "<group>"; };
		AED773B9B962C96EB27359C9 /* Pods-Test_4KSoft.debug.xcconfig */ = {isa = PBXFileReference; includeInIndex = 1; lastKnownFileType = text.xcconfig; name = "Pods-Test_4KSoft.debug.xcconfig"; path = "Target Support Files/Pods-Test_4KSoft/Pods-Test_4KSoft.debug.xcconfig"; sourceTree = "<group>"; };
		E3C46A33296D5F0D00825C07 /* Test_4KSoft.app */ = {isa = PBXFileReference; explicitFileType = wrapper.application; includeInIndex = 0; path = Test_4KSoft.app; sourceTree = BUILT_PRODUCTS_DIR; };
		E3C46A36296D5F0D00825C07 /* AppDelegate.swift */ = {isa = PBXFileReference; lastKnownFileType = sourcecode.swift; path = AppDelegate.swift; sourceTree = "<group>"; };
		E3C46A38296D5F0D00825C07 /* SceneDelegate.swift */ = {isa = PBXFileReference; lastKnownFileType = sourcecode.swift; path = SceneDelegate.swift; sourceTree = "<group>"; };
		E3C46A3F296D5F0F00825C07 /* Assets.xcassets */ = {isa = PBXFileReference; lastKnownFileType = folder.assetcatalog; path = Assets.xcassets; sourceTree = "<group>"; };
		E3C46A42296D5F0F00825C07 /* Base */ = {isa = PBXFileReference; lastKnownFileType = file.storyboard; name = Base; path = Base.lproj/LaunchScreen.storyboard; sourceTree = "<group>"; };
		E3C46A44296D5F0F00825C07 /* Info.plist */ = {isa = PBXFileReference; lastKnownFileType = text.plist.xml; path = Info.plist; sourceTree = "<group>"; };
		E3C46A4A296D603800825C07 /* MainViewController.swift */ = {isa = PBXFileReference; lastKnownFileType = sourcecode.swift; path = MainViewController.swift; sourceTree = "<group>"; };
		E3C46A50296D68F000825C07 /* Doors.swift */ = {isa = PBXFileReference; lastKnownFileType = sourcecode.swift; path = Doors.swift; sourceTree = "<group>"; };
		E3C46A53296D691500825C07 /* Networking.swift */ = {isa = PBXFileReference; lastKnownFileType = sourcecode.swift; path = Networking.swift; sourceTree = "<group>"; };
		E3C46A74296D6E0C00825C07 /* DoorTableViewCell.swift */ = {isa = PBXFileReference; lastKnownFileType = sourcecode.swift; path = DoorTableViewCell.swift; sourceTree = "<group>"; };
		E3C46A78296D7EE800825C07 /* TableHeaderView.swift */ = {isa = PBXFileReference; lastKnownFileType = sourcecode.swift; path = TableHeaderView.swift; sourceTree = "<group>"; };
		E3C46A7A296ED5A800825C07 /* Doors.json */ = {isa = PBXFileReference; fileEncoding = 4; lastKnownFileType = text.json; path = Doors.json; sourceTree = "<group>"; };
/* End PBXFileReference section */

/* Begin PBXFrameworksBuildPhase section */
		E3C46A30296D5F0D00825C07 /* Frameworks */ = {
			isa = PBXFrameworksBuildPhase;
			buildActionMask = 2147483647;
			files = (
				2F237A847F6AE7AE5B95A4BC /* Pods_Test_4KSoft.framework in Frameworks */,
			);
			runOnlyForDeploymentPostprocessing = 0;
		};
/* End PBXFrameworksBuildPhase section */

/* Begin PBXGroup section */
		01D4BF3EA34C6230A57C3A9B /* Pods */ = {
			isa = PBXGroup;
			children = (
				AED773B9B962C96EB27359C9 /* Pods-Test_4KSoft.debug.xcconfig */,
				6ABE19319C08849FCEC38054 /* Pods-Test_4KSoft.release.xcconfig */,
			);
			path = Pods;
			sourceTree = "<group>";
		};
		284984BA75A5CFC9D1F5DE81 /* Frameworks */ = {
			isa = PBXGroup;
			children = (
				5808EC3B2199CC505CCD99E9 /* Pods_Test_4KSoft.framework */,
			);
			name = Frameworks;
			sourceTree = "<group>";
		};
		E3C46A2A296D5F0D00825C07 = {
			isa = PBXGroup;
			children = (
				E3C46A35296D5F0D00825C07 /* Test_4KSoft */,
				E3C46A34296D5F0D00825C07 /* Products */,
				01D4BF3EA34C6230A57C3A9B /* Pods */,
				284984BA75A5CFC9D1F5DE81 /* Frameworks */,
			);
			sourceTree = "<group>";
		};
		E3C46A34296D5F0D00825C07 /* Products */ = {
			isa = PBXGroup;
			children = (
				E3C46A33296D5F0D00825C07 /* Test_4KSoft.app */,
			);
			name = Products;
			sourceTree = "<group>";
		};
		E3C46A35296D5F0D00825C07 /* Test_4KSoft */ = {
			isa = PBXGroup;
			children = (
				E3C46A52296D690600825C07 /* Managers */,
				E3C46A4F296D68AC00825C07 /* Controllers */,
				E3C46A4E296D68A800825C07 /* Views */,
				E3C46A4D296D689F00825C07 /* Models */,
				E3C46A36296D5F0D00825C07 /* AppDelegate.swift */,
				E3C46A38296D5F0D00825C07 /* SceneDelegate.swift */,
				E3C46A3F296D5F0F00825C07 /* Assets.xcassets */,
				E3C46A41296D5F0F00825C07 /* LaunchScreen.storyboard */,
				E3C46A44296D5F0F00825C07 /* Info.plist */,
			);
			path = Test_4KSoft;
			sourceTree = "<group>";
		};
		E3C46A4D296D689F00825C07 /* Models */ = {
			isa = PBXGroup;
			children = (
				E3C46A50296D68F000825C07 /* Doors.swift */,
			);
			path = Models;
			sourceTree = "<group>";
		};
		E3C46A4E296D68A800825C07 /* Views */ = {
			isa = PBXGroup;
			children = (
				E3C46A74296D6E0C00825C07 /* DoorTableViewCell.swift */,
				E3C46A78296D7EE800825C07 /* TableHeaderView.swift */,
			);
			path = Views;
			sourceTree = "<group>";
		};
		E3C46A4F296D68AC00825C07 /* Controllers */ = {
			isa = PBXGroup;
			children = (
				E3C46A4A296D603800825C07 /* MainViewController.swift */,
			);
			path = Controllers;
			sourceTree = "<group>";
		};
		E3C46A52296D690600825C07 /* Managers */ = {
			isa = PBXGroup;
			children = (
				E3C46A7A296ED5A800825C07 /* Doors.json */,
				E3C46A53296D691500825C07 /* Networking.swift */,
			);
			path = Managers;
			sourceTree = "<group>";
		};
/* End PBXGroup section */

/* Begin PBXNativeTarget section */
		E3C46A32296D5F0D00825C07 /* Test_4KSoft */ = {
			isa = PBXNativeTarget;
			buildConfigurationList = E3C46A47296D5F0F00825C07 /* Build configuration list for PBXNativeTarget "Test_4KSoft" */;
			buildPhases = (
				9380F23C2767F9B59FF2775C /* [CP] Check Pods Manifest.lock */,
				E3C46A2F296D5F0D00825C07 /* Sources */,
				E3C46A30296D5F0D00825C07 /* Frameworks */,
				E3C46A31296D5F0D00825C07 /* Resources */,
				86EAA1DB47CD0095FF1582C9 /* [CP] Embed Pods Frameworks */,
			);
			buildRules = (
			);
			dependencies = (
			);
			name = Test_4KSoft;
			productName = Test_4KSoft;
			productReference = E3C46A33296D5F0D00825C07 /* Test_4KSoft.app */;
			productType = "com.apple.product-type.application";
		};
/* End PBXNativeTarget section */

/* Begin PBXProject section */
		E3C46A2B296D5F0D00825C07 /* Project object */ = {
			isa = PBXProject;
			attributes = {
				BuildIndependentTargetsInParallel = 1;
				LastSwiftUpdateCheck = 1410;
				LastUpgradeCheck = 1410;
				TargetAttributes = {
					E3C46A32296D5F0D00825C07 = {
						CreatedOnToolsVersion = 14.1;
					};
				};
			};
			buildConfigurationList = E3C46A2E296D5F0D00825C07 /* Build configuration list for PBXProject "Test_4KSoft" */;
			compatibilityVersion = "Xcode 13.0";
			developmentRegion = en;
			hasScannedForEncodings = 0;
			knownRegions = (
				en,
				Base,
			);
			mainGroup = E3C46A2A296D5F0D00825C07;
			productRefGroup = E3C46A34296D5F0D00825C07 /* Products */;
			projectDirPath = "";
			projectRoot = "";
			targets = (
				E3C46A32296D5F0D00825C07 /* Test_4KSoft */,
			);
		};
/* End PBXProject section */

/* Begin PBXResourcesBuildPhase section */
		E3C46A31296D5F0D00825C07 /* Resources */ = {
			isa = PBXResourcesBuildPhase;
			buildActionMask = 2147483647;
			files = (
				E3C46A7B296ED5A800825C07 /* Doors.json in Resources */,
				E3C46A43296D5F0F00825C07 /* LaunchScreen.storyboard in Resources */,
				E3C46A40296D5F0F00825C07 /* Assets.xcassets in Resources */,
			);
			runOnlyForDeploymentPostprocessing = 0;
		};
/* End PBXResourcesBuildPhase section */

/* Begin PBXShellScriptBuildPhase section */
		86EAA1DB47CD0095FF1582C9 /* [CP] Embed Pods Frameworks */ = {
			isa = PBXShellScriptBuildPhase;
			buildActionMask = 2147483647;
			files = (
			);
			inputFileListPaths = (
				"${PODS_ROOT}/Target Support Files/Pods-Test_4KSoft/Pods-Test_4KSoft-frameworks-${CONFIGURATION}-input-files.xcfilelist",
			);
			name = "[CP] Embed Pods Frameworks";
			outputFileListPaths = (
				"${PODS_ROOT}/Target Support Files/Pods-Test_4KSoft/Pods-Test_4KSoft-frameworks-${CONFIGURATION}-output-files.xcfilelist",
			);
			runOnlyForDeploymentPostprocessing = 0;
			shellPath = /bin/sh;
			shellScript = "\"${PODS_ROOT}/Target Support Files/Pods-Test_4KSoft/Pods-Test_4KSoft-frameworks.sh\"\n";
			showEnvVarsInLog = 0;
		};
		9380F23C2767F9B59FF2775C /* [CP] Check Pods Manifest.lock */ = {
			isa = PBXShellScriptBuildPhase;
			buildActionMask = 2147483647;
			files = (
			);
			inputFileListPaths = (
			);
			inputPaths = (
				"${PODS_PODFILE_DIR_PATH}/Podfile.lock",
				"${PODS_ROOT}/Manifest.lock",
			);
			name = "[CP] Check Pods Manifest.lock";
			outputFileListPaths = (
			);
			outputPaths = (
				"$(DERIVED_FILE_DIR)/Pods-Test_4KSoft-checkManifestLockResult.txt",
			);
			runOnlyForDeploymentPostprocessing = 0;
			shellPath = /bin/sh;
			shellScript = "diff \"${PODS_PODFILE_DIR_PATH}/Podfile.lock\" \"${PODS_ROOT}/Manifest.lock\" > /dev/null\nif [ $? != 0 ] ; then\n    # print error to STDERR\n    echo \"error: The sandbox is not in sync with the Podfile.lock. Run 'pod install' or update your CocoaPods installation.\" >&2\n    exit 1\nfi\n# This output is used by Xcode 'outputs' to avoid re-running this script phase.\necho \"SUCCESS\" > \"${SCRIPT_OUTPUT_FILE_0}\"\n";
			showEnvVarsInLog = 0;
		};
/* End PBXShellScriptBuildPhase section */

/* Begin PBXSourcesBuildPhase section */
		E3C46A2F296D5F0D00825C07 /* Sources */ = {
			isa = PBXSourcesBuildPhase;
			buildActionMask = 2147483647;
			files = (
				E3C46A37296D5F0D00825C07 /* AppDelegate.swift in Sources */,
				E3C46A54296D691500825C07 /* Networking.swift in Sources */,
				E3C46A51296D68F000825C07 /* Doors.swift in Sources */,
				E3C46A75296D6E0C00825C07 /* DoorTableViewCell.swift in Sources */,
				E3C46A39296D5F0D00825C07 /* SceneDelegate.swift in Sources */,
				E3C46A79296D7EE800825C07 /* TableHeaderView.swift in Sources */,
				E3C46A4B296D603800825C07 /* MainViewController.swift in Sources */,
			);
			runOnlyForDeploymentPostprocessing = 0;
		};
/* End PBXSourcesBuildPhase section */

/* Begin PBXVariantGroup section */
		E3C46A41296D5F0F00825C07 /* LaunchScreen.storyboard */ = {
			isa = PBXVariantGroup;
			children = (
				E3C46A42296D5F0F00825C07 /* Base */,
			);
			name = LaunchScreen.storyboard;
			sourceTree = "<group>";
		};
/* End PBXVariantGroup section */

/* Begin XCBuildConfiguration section */
		E3C46A45296D5F0F00825C07 /* Debug */ = {
			isa = XCBuildConfiguration;
			buildSettings = {
				ALWAYS_SEARCH_USER_PATHS = NO;
				CLANG_ANALYZER_NONNULL = YES;
				CLANG_ANALYZER_NUMBER_OBJECT_CONVERSION = YES_AGGRESSIVE;
				CLANG_CXX_LANGUAGE_STANDARD = "gnu++20";
				CLANG_ENABLE_MODULES = YES;
				CLANG_ENABLE_OBJC_ARC = YES;
				CLANG_ENABLE_OBJC_WEAK = YES;
				CLANG_WARN_BLOCK_CAPTURE_AUTORELEASING = YES;
				CLANG_WARN_BOOL_CONVERSION = YES;
				CLANG_WARN_COMMA = YES;
				CLANG_WARN_CONSTANT_CONVERSION = YES;
				CLANG_WARN_DEPRECATED_OBJC_IMPLEMENTATIONS = YES;
				CLANG_WARN_DIRECT_OBJC_ISA_USAGE = YES_ERROR;
				CLANG_WARN_DOCUMENTATION_COMMENTS = YES;
				CLANG_WARN_EMPTY_BODY = YES;
				CLANG_WARN_ENUM_CONVERSION = YES;
				CLANG_WARN_INFINITE_RECURSION = YES;
				CLANG_WARN_INT_CONVERSION = YES;
				CLANG_WARN_NON_LITERAL_NULL_CONVERSION = YES;
				CLANG_WARN_OBJC_IMPLICIT_RETAIN_SELF = YES;
				CLANG_WARN_OBJC_LITERAL_CONVERSION = YES;
				CLANG_WARN_OBJC_ROOT_CLASS = YES_ERROR;
				CLANG_WARN_QUOTED_INCLUDE_IN_FRAMEWORK_HEADER = YES;
				CLANG_WARN_RANGE_LOOP_ANALYSIS = YES;
				CLANG_WARN_STRICT_PROTOTYPES = YES;
				CLANG_WARN_SUSPICIOUS_MOVE = YES;
				CLANG_WARN_UNGUARDED_AVAILABILITY = YES_AGGRESSIVE;
				CLANG_WARN_UNREACHABLE_CODE = YES;
				CLANG_WARN__DUPLICATE_METHOD_MATCH = YES;
				COPY_PHASE_STRIP = NO;
				DEBUG_INFORMATION_FORMAT = dwarf;
				ENABLE_STRICT_OBJC_MSGSEND = YES;
				ENABLE_TESTABILITY = YES;
				GCC_C_LANGUAGE_STANDARD = gnu11;
				GCC_DYNAMIC_NO_PIC = NO;
				GCC_NO_COMMON_BLOCKS = YES;
				GCC_OPTIMIZATION_LEVEL = 0;
				GCC_PREPROCESSOR_DEFINITIONS = (
					"DEBUG=1",
					"$(inherited)",
				);
				GCC_WARN_64_TO_32_BIT_CONVERSION = YES;
				GCC_WARN_ABOUT_RETURN_TYPE = YES_ERROR;
				GCC_WARN_UNDECLARED_SELECTOR = YES;
				GCC_WARN_UNINITIALIZED_AUTOS = YES_AGGRESSIVE;
				GCC_WARN_UNUSED_FUNCTION = YES;
				GCC_WARN_UNUSED_VARIABLE = YES;
				IPHONEOS_DEPLOYMENT_TARGET = 16.1;
				MTL_ENABLE_DEBUG_INFO = INCLUDE_SOURCE;
				MTL_FAST_MATH = YES;
				ONLY_ACTIVE_ARCH = YES;
				SDKROOT = iphoneos;
				SWIFT_ACTIVE_COMPILATION_CONDITIONS = DEBUG;
				SWIFT_OPTIMIZATION_LEVEL = "-Onone";
			};
			name = Debug;
		};
		E3C46A46296D5F0F00825C07 /* Release */ = {
			isa = XCBuildConfiguration;
			buildSettings = {
				ALWAYS_SEARCH_USER_PATHS = NO;
				CLANG_ANALYZER_NONNULL = YES;
				CLANG_ANALYZER_NUMBER_OBJECT_CONVERSION = YES_AGGRESSIVE;
				CLANG_CXX_LANGUAGE_STANDARD = "gnu++20";
				CLANG_ENABLE_MODULES = YES;
				CLANG_ENABLE_OBJC_ARC = YES;
				CLANG_ENABLE_OBJC_WEAK = YES;
				CLANG_WARN_BLOCK_CAPTURE_AUTORELEASING = YES;
				CLANG_WARN_BOOL_CONVERSION = YES;
				CLANG_WARN_COMMA = YES;
				CLANG_WARN_CONSTANT_CONVERSION = YES;
				CLANG_WARN_DEPRECATED_OBJC_IMPLEMENTATIONS = YES;
				CLANG_WARN_DIRECT_OBJC_ISA_USAGE = YES_ERROR;
				CLANG_WARN_DOCUMENTATION_COMMENTS = YES;
				CLANG_WARN_EMPTY_BODY = YES;
				CLANG_WARN_ENUM_CONVERSION = YES;
				CLANG_WARN_INFINITE_RECURSION = YES;
				CLANG_WARN_INT_CONVERSION = YES;
				CLANG_WARN_NON_LITERAL_NULL_CONVERSION = YES;
				CLANG_WARN_OBJC_IMPLICIT_RETAIN_SELF = YES;
				CLANG_WARN_OBJC_LITERAL_CONVERSION = YES;
				CLANG_WARN_OBJC_ROOT_CLASS = YES_ERROR;
				CLANG_WARN_QUOTED_INCLUDE_IN_FRAMEWORK_HEADER = YES;
				CLANG_WARN_RANGE_LOOP_ANALYSIS = YES;
				CLANG_WARN_STRICT_PROTOTYPES = YES;
				CLANG_WARN_SUSPICIOUS_MOVE = YES;
				CLANG_WARN_UNGUARDED_AVAILABILITY = YES_AGGRESSIVE;
				CLANG_WARN_UNREACHABLE_CODE = YES;
				CLANG_WARN__DUPLICATE_METHOD_MATCH = YES;
				COPY_PHASE_STRIP = NO;
				DEBUG_INFORMATION_FORMAT = "dwarf-with-dsym";
				ENABLE_NS_ASSERTIONS = NO;
				ENABLE_STRICT_OBJC_MSGSEND = YES;
				GCC_C_LANGUAGE_STANDARD = gnu11;
				GCC_NO_COMMON_BLOCKS = YES;
				GCC_WARN_64_TO_32_BIT_CONVERSION = YES;
				GCC_WARN_ABOUT_RETURN_TYPE = YES_ERROR;
				GCC_WARN_UNDECLARED_SELECTOR = YES;
				GCC_WARN_UNINITIALIZED_AUTOS = YES_AGGRESSIVE;
				GCC_WARN_UNUSED_FUNCTION = YES;
				GCC_WARN_UNUSED_VARIABLE = YES;
				IPHONEOS_DEPLOYMENT_TARGET = 16.1;
				MTL_ENABLE_DEBUG_INFO = NO;
				MTL_FAST_MATH = YES;
				SDKROOT = iphoneos;
				SWIFT_COMPILATION_MODE = wholemodule;
				SWIFT_OPTIMIZATION_LEVEL = "-O";
				VALIDATE_PRODUCT = YES;
			};
			name = Release;
		};
		E3C46A48296D5F0F00825C07 /* Debug */ = {
			isa = XCBuildConfiguration;
			baseConfigurationReference = AED773B9B962C96EB27359C9 /* Pods-Test_4KSoft.debug.xcconfig */;
			buildSettings = {
				ASSETCATALOG_COMPILER_APPICON_NAME = AppIcon;
				ASSETCATALOG_COMPILER_GLOBAL_ACCENT_COLOR_NAME = AccentColor;
				CODE_SIGN_STYLE = Automatic;
				CURRENT_PROJECT_VERSION = 1;
				DEVELOPMENT_TEAM = F8PHUAXQLZ;
				GENERATE_INFOPLIST_FILE = YES;
				INFOPLIST_FILE = Test_4KSoft/Info.plist;
				INFOPLIST_KEY_UIApplicationSupportsIndirectInputEvents = YES;
				INFOPLIST_KEY_UILaunchStoryboardName = LaunchScreen;
				INFOPLIST_KEY_UISupportedInterfaceOrientations_iPad = "UIInterfaceOrientationPortrait UIInterfaceOrientationPortraitUpsideDown UIInterfaceOrientationLandscapeLeft UIInterfaceOrientationLandscapeRight";
				INFOPLIST_KEY_UISupportedInterfaceOrientations_iPhone = "UIInterfaceOrientationPortrait UIInterfaceOrientationLandscapeLeft UIInterfaceOrientationLandscapeRight";
				LD_RUNPATH_SEARCH_PATHS = (
					"$(inherited)",
					"@executable_path/Frameworks",
				);
				MARKETING_VERSION = 1.0;
				PRODUCT_BUNDLE_IDENTIFIER = "com.khomenKO.Test-4KSoft";
				PRODUCT_NAME = "$(TARGET_NAME)";
				SWIFT_EMIT_LOC_STRINGS = YES;
				SWIFT_VERSION = 5.0;
				TARGETED_DEVICE_FAMILY = "1,2";
			};
			name = Debug;
		};
		E3C46A49296D5F0F00825C07 /* Release */ = {
			isa = XCBuildConfiguration;
			baseConfigurationReference = 6ABE19319C08849FCEC38054 /* Pods-Test_4KSoft.release.xcconfig */;
			buildSettings = {
				ASSETCATALOG_COMPILER_APPICON_NAME = AppIcon;
				ASSETCATALOG_COMPILER_GLOBAL_ACCENT_COLOR_NAME = AccentColor;
				CODE_SIGN_STYLE = Automatic;
				CURRENT_PROJECT_VERSION = 1;
				DEVELOPMENT_TEAM = F8PHUAXQLZ;
				GENERATE_INFOPLIST_FILE = YES;
				INFOPLIST_FILE = Test_4KSoft/Info.plist;
				INFOPLIST_KEY_UIApplicationSupportsIndirectInputEvents = YES;
				INFOPLIST_KEY_UILaunchStoryboardName = LaunchScreen;
				INFOPLIST_KEY_UISupportedInterfaceOrientations_iPad = "UIInterfaceOrientationPortrait UIInterfaceOrientationPortraitUpsideDown UIInterfaceOrientationLandscapeLeft UIInterfaceOrientationLandscapeRight";
				INFOPLIST_KEY_UISupportedInterfaceOrientations_iPhone = "UIInterfaceOrientationPortrait UIInterfaceOrientationLandscapeLeft UIInterfaceOrientationLandscapeRight";
				LD_RUNPATH_SEARCH_PATHS = (
					"$(inherited)",
					"@executable_path/Frameworks",
				);
				MARKETING_VERSION = 1.0;
				PRODUCT_BUNDLE_IDENTIFIER = "com.khomenKO.Test-4KSoft";
				PRODUCT_NAME = "$(TARGET_NAME)";
				SWIFT_EMIT_LOC_STRINGS = YES;
				SWIFT_VERSION = 5.0;
				TARGETED_DEVICE_FAMILY = "1,2";
			};
			name = Release;
		};
/* End XCBuildConfiguration section */

/* Begin XCConfigurationList section */
		E3C46A2E296D5F0D00825C07 /* Build configuration list for PBXProject "Test_4KSoft" */ = {
			isa = XCConfigurationList;
			buildConfigurations = (
				E3C46A45296D5F0F00825C07 /* Debug */,
				E3C46A46296D5F0F00825C07 /* Release */,
			);
			defaultConfigurationIsVisible = 0;
			defaultConfigurationName = Release;
		};
		E3C46A47296D5F0F00825C07 /* Build configuration list for PBXNativeTarget "Test_4KSoft" */ = {
			isa = XCConfigurationList;
			buildConfigurations = (
				E3C46A48296D5F0F00825C07 /* Debug */,
				E3C46A49296D5F0F00825C07 /* Release */,
			);
			defaultConfigurationIsVisible = 0;
			defaultConfigurationName = Release;
		};
/* End XCConfigurationList section */
	};
	rootObject = E3C46A2B296D5F0D00825C07 /* Project object */;
}
